
Microsoft Visual Studio Solution File, Format Version 12.00
# Visual Studio Version 16
VisualStudioVersion = 16.0.31005.135
MinimumVisualStudioVersion = 15.0.26124.0
Project("{9A19103F-16F7-4668-BE54-9A1E7A4F7556}") = "API", "API\API.csproj", "{DFADD7F9-850C-408F-94EC-38EF4B2FB482}"
EndProject
Project("{2150E333-8FDC-42A3-9474-1A3956D46DE8}") = "Solution Items", "Solution Items", "{9B7C2558-B9B5-459D-9562-6802BB2D4120}"
	ProjectSection(SolutionItems) = preProject
		.gitignore = .gitignore
	EndProjectSection
EndProject
Global
	GlobalSection(SolutionConfigurationPlatforms) = preSolution
		Debug|Any CPU = Debug|Any CPU
		Debug|x64 = Debug|x64
		Debug|x86 = Debug|x86
		Release|Any CPU = Release|Any CPU
		Release|x64 = Release|x64
		Release|x86 = Release|x86
	EndGlobalSection
	GlobalSection(ProjectConfigurationPlatforms) = postSolution
		{DFADD7F9-850C-408F-94EC-38EF4B2FB482}.Debug|Any CPU.ActiveCfg = Debug|Any CPU
		{DFADD7F9-850C-408F-94EC-38EF4B2FB482}.Debug|Any CPU.Build.0 = Debug|Any CPU
		{DFADD7F9-850C-408F-94EC-38EF4B2FB482}.Debug|x64.ActiveCfg = Debug|Any CPU
		{DFADD7F9-850C-408F-94EC-38EF4B2FB482}.Debug|x64.Build.0 = Debug|Any CPU
		{DFADD7F9-850C-408F-94EC-38EF4B2FB482}.Debug|x86.ActiveCfg = Debug|Any CPU
		{DFADD7F9-850C-408F-94EC-38EF4B2FB482}.Debug|x86.Build.0 = Debug|Any CPU
		{DFADD7F9-850C-408F-94EC-38EF4B2FB482}.Release|Any CPU.ActiveCfg = Release|Any CPU
		{DFADD7F9-850C-408F-94EC-38EF4B2FB482}.Release|Any CPU.Build.0 = Release|Any CPU
		{DFADD7F9-850C-408F-94EC-38EF4B2FB482}.Release|x64.ActiveCfg = Release|Any CPU
		{DFADD7F9-850C-408F-94EC-38EF4B2FB482}.Release|x64.Build.0 = Release|Any CPU
		{DFADD7F9-850C-408F-94EC-38EF4B2FB482}.Release|x86.ActiveCfg = Release|Any CPU
		{DFADD7F9-850C-408F-94EC-38EF4B2FB482}.Release|x86.Build.0 = Release|Any CPU
	EndGlobalSection
	GlobalSection(SolutionProperties) = preSolution
		HideSolutionNode = FALSE
	EndGlobalSection
	GlobalSection(ExtensibilityGlobals) = postSolution
		SolutionGuid = {5A8163B1-C16A-4313-99BD-D9CBEF2664E2}
	EndGlobalSection
EndGlobal
